{
  "dependencies": {
    "argparse": {
      "version": "1.0.9",
      "resolved": "https://registry.npmjs.org/argparse/-/argparse-1.0.9.tgz",
      "from": "argparse@>=1.0.2 <1.1.0"
    },
    "browserkeymap": {
      "version": "0.1.0",
      "resolved": "https://registry.npmjs.org/browserkeymap/-/browserkeymap-0.1.0.tgz",
      "from": "browserkeymap@>=0.1.0 <0.2.0"
    },
    "entities": {
      "version": "1.1.1",
      "resolved": "https://registry.npmjs.org/entities/-/entities-1.1.1.tgz",
      "from": "entities@>=1.1.1 <1.2.0"
    },
    "ip": {
      "version": "1.1.3",
      "resolved": "https://registry.npmjs.org/ip/-/ip-1.1.3.tgz",
      "from": "ip@1.1.3"
    },
    "linkify-it": {
      "version": "1.2.4",
      "resolved": "https://registry.npmjs.org/linkify-it/-/linkify-it-1.2.4.tgz",
      "from": "linkify-it@>=1.2.0 <1.3.0"
    },
    "markdown-it": {
      "version": "4.4.0",
      "resolved": "https://registry.npmjs.org/markdown-it/-/markdown-it-4.4.0.tgz",
      "from": "markdown-it@>=4.4.0 <5.0.0"
    },
    "mdurl": {
      "version": "1.0.1",
      "resolved": "https://registry.npmjs.org/mdurl/-/mdurl-1.0.1.tgz",
      "from": "mdurl@>=1.0.0 <1.1.0"
    },
    "prosemirror": {
      "version": "0.7.0",
      "resolved": "https://registry.npmjs.org/prosemirror/-/prosemirror-0.7.0.tgz",
      "from": "prosemirror@0.7.0"
    },
    "sprintf-js": {
      "version": "1.0.3",
      "resolved": "https://registry.npmjs.org/sprintf-js/-/sprintf-js-1.0.3.tgz",
      "from": "sprintf-js@>=1.0.2 <1.1.0"
    },
    "uc.micro": {
      "version": "1.0.3",
      "resolved": "https://registry.npmjs.org/uc.micro/-/uc.micro-1.0.3.tgz",
      "from": "uc.micro@>=1.0.0 <2.0.0"
    }
  }
}
